// !$*UTF8*$!
{
	archiveVersion = 1;
	classes = {
	};
	objectVersion = 51;
	objects = {

/* Begin PBXBuildFile section */
		09760A9623BECBA200C7E467 /* AppDelegate.swift in Sources */ = {isa = PBXBuildFile; fileRef = 09760A9523BECBA200C7E467 /* AppDelegate.swift */; };
		09760A9823BECBA200C7E467 /* SceneDelegate.swift in Sources */ = {isa = PBXBuildFile; fileRef = 09760A9723BECBA200C7E467 /* SceneDelegate.swift */; };
		09760A9A23BECBA200C7E467 /* ContentView.swift in Sources */ = {isa = PBXBuildFile; fileRef = 09760A9923BECBA200C7E467 /* ContentView.swift */; };
		09760A9C23BECBA500C7E467 /* Assets.xcassets in Resources */ = {isa = PBXBuildFile; fileRef = 09760A9B23BECBA500C7E467 /* Assets.xcassets */; };
		09760A9F23BECBA500C7E467 /* Preview Assets.xcassets in Resources */ = {isa = PBXBuildFile; fileRef = 09760A9E23BECBA500C7E467 /* Preview Assets.xcassets */; };
		09760AA223BECBA500C7E467 /* LaunchScreen.storyboard in Resources */ = {isa = PBXBuildFile; fileRef = 09760AA023BECBA500C7E467 /* LaunchScreen.storyboard */; };
		09760AAA23BECBC400C7E467 /* GameListView.swift in Sources */ = {isa = PBXBuildFile; fileRef = 09760AA923BECBC400C7E467 /* GameListView.swift */; };
		09760AAD23BECE2200C7E467 /* Game.swift in Sources */ = {isa = PBXBuildFile; fileRef = 09760AAC23BECE2200C7E467 /* Game.swift */; };
		09760AAF23BED05700C7E467 /* Platform.swift in Sources */ = {isa = PBXBuildFile; fileRef = 09760AAE23BED05700C7E467 /* Platform.swift */; };
		09760AB223BED17500C7E467 /* GameService.swift in Sources */ = {isa = PBXBuildFile; fileRef = 09760AB123BED17500C7E467 /* GameService.swift */; };
		09760AB423BED1DE00C7E467 /* GameStore.swift in Sources */ = {isa = PBXBuildFile; fileRef = 09760AB323BED1DE00C7E467 /* GameStore.swift */; };
		09760AB623BED38200C7E467 /* GameList.swift in Sources */ = {isa = PBXBuildFile; fileRef = 09760AB523BED38200C7E467 /* GameList.swift */; };
		09760AB823BED76B00C7E467 /* LoadingView.swift in Sources */ = {isa = PBXBuildFile; fileRef = 09760AB723BED76B00C7E467 /* LoadingView.swift */; };
		09760ABA23BED88D00C7E467 /* ImageLoader.swift in Sources */ = {isa = PBXBuildFile; fileRef = 09760AB923BED88D00C7E467 /* ImageLoader.swift */; };
		09760ABC23BED9D900C7E467 /* GameListRowView.swift in Sources */ = {isa = PBXBuildFile; fileRef = 09760ABB23BED9D900C7E467 /* GameListRowView.swift */; };
		09760ABE23BEDD5200C7E467 /* GameDetailView.swift in Sources */ = {isa = PBXBuildFile; fileRef = 09760ABD23BEDD5200C7E467 /* GameDetailView.swift */; };
		09760AC323BEE03C00C7E467 /* GameDetail.swift in Sources */ = {isa = PBXBuildFile; fileRef = 09760AC223BEE03C00C7E467 /* GameDetail.swift */; };
		09760AC823BEE18E00C7E467 /* ModalView.swift in Sources */ = {isa = PBXBuildFile; fileRef = 09760AC723BEE18E00C7E467 /* ModalView.swift */; };
		09760ACA23BEE42400C7E467 /* GameRootView.swift in Sources */ = {isa = PBXBuildFile; fileRef = 09760AC923BEE42400C7E467 /* GameRootView.swift */; };
		DBF8D3F83AA811239A390FE1 /* Pods_GameDB.framework in Frameworks */ = {isa = PBXBuildFile; fileRef = A371FC38C288F87F78AB19A6 /* Pods_GameDB.framework */; };
/* End PBXBuildFile section */

/* Begin PBXFileReference section */
		09760A9223BECBA200C7E467 /* GameDB.app */ = {isa = PBXFileReference; explicitFileType = wrapper.application; includeInIndex = 0; path = GameDB.app; sourceTree = BUILT_PRODUCTS_DIR; };
		09760A9523BECBA200C7E467 /* AppDelegate.swift */ = {isa = PBXFileReference; lastKnownFileType = sourcecode.swift; path = AppDelegate.swift; sourceTree = "<group>"; };
		09760A9723BECBA200C7E467 /* SceneDelegate.swift */ = {isa = PBXFileReference; lastKnownFileType = sourcecode.swift; path = SceneDelegate.swift; sourceTree = "<group>"; };
		09760A9923BECBA200C7E467 /* ContentView.swift */ = {isa = PBXFileReference; lastKnownFileType = sourcecode.swift; path = ContentView.swift; sourceTree = "<group>"; };
		09760A9B23BECBA500C7E467 /* Assets.xcassets */ = {isa = PBXFileReference; lastKnownFileType = folder.assetcatalog; path = Assets.xcassets; sourceTree = "<group>"; };
		09760A9E23BECBA500C7E467 /* Preview Assets.xcassets */ = {isa = PBXFileReference; lastKnownFileType = folder.assetcatalog; path = "Preview Assets.xcassets"; sourceTree = "<group>"; };
		09760AA123BECBA500C7E467 /* Base */ = {isa = PBXFileReference; lastKnownFileType = file.storyboard; name = Base; path = Base.lproj/LaunchScreen.storyboard; sourceTree = "<group>"; };
		09760AA323BECBA500C7E467 /* Info.plist */ = {isa = PBXFileReference; lastKnownFileType = text.plist.xml; path = Info.plist; sourceTree = "<group>"; };
		09760AA923BECBC400C7E467 /* GameListView.swift */ = {isa = PBXFileReference; lastKnownFileType = sourcecode.swift; path = GameListView.swift; sourceTree = "<group>"; };
		09760AAC23BECE2200C7E467 /* Game.swift */ = {isa = PBXFileReference; lastKnownFileType = sourcecode.swift; path = Game.swift; sourceTree = "<group>"; };
		09760AAE23BED05700C7E467 /* Platform.swift */ = {isa = PBXFileReference; lastKnownFileType = sourcecode.swift; path = Platform.swift; sourceTree = "<group>"; };
		09760AB123BED17500C7E467 /* GameService.swift */ = {isa = PBXFileReference; lastKnownFileType = sourcecode.swift; path = GameService.swift; sourceTree = "<group>"; };
		09760AB323BED1DE00C7E467 /* GameStore.swift */ = {isa = PBXFileReference; lastKnownFileType = sourcecode.swift; path = GameStore.swift; sourceTree = "<group>"; };
		09760AB523BED38200C7E467 /* GameList.swift */ = {isa = PBXFileReference; lastKnownFileType = sourcecode.swift; path = GameList.swift; sourceTree = "<group>"; };
		09760AB723BED76B00C7E467 /* LoadingView.swift */ = {isa = PBXFileReference; lastKnownFileType = sourcecode.swift; path = LoadingView.swift; sourceTree = "<group>"; };
		09760AB923BED88D00C7E467 /* ImageLoader.swift */ = {isa = PBXFileReference; lastKnownFileType = sourcecode.swift; path = ImageLoader.swift; sourceTree = "<group>"; };
		09760ABB23BED9D900C7E467 /* GameListRowView.swift */ = {isa = PBXFileReference; lastKnownFileType = sourcecode.swift; path = GameListRowView.swift; sourceTree = "<group>"; };
		09760ABD23BEDD5200C7E467 /* GameDetailView.swift */ = {isa = PBXFileReference; lastKnownFileType = sourcecode.swift; path = GameDetailView.swift; sourceTree = "<group>"; };
		09760AC223BEE03C00C7E467 /* GameDetail.swift */ = {isa = PBXFileReference; lastKnownFileType = sourcecode.swift; path = GameDetail.swift; sourceTree = "<group>"; };
		09760AC723BEE18E00C7E467 /* ModalView.swift */ = {isa = PBXFileReference; lastKnownFileType = sourcecode.swift; path = ModalView.swift; sourceTree = "<group>"; };
		09760AC923BEE42400C7E467 /* GameRootView.swift */ = {isa = PBXFileReference; lastKnownFileType = sourcecode.swift; path = GameRootView.swift; sourceTree = "<group>"; };
		33876A037CBE53961FDAFBB4 /* Pods-GameDB.release.xcconfig */ = {isa = PBXFileReference; includeInIndex = 1; lastKnownFileType = text.xcconfig; name = "Pods-GameDB.release.xcconfig"; path = "Target Support Files/Pods-GameDB/Pods-GameDB.release.xcconfig"; sourceTree = "<group>"; };
		797A3D4996B20E67CE091D78 /* Pods-GameDB.debug.xcconfig */ = {isa = PBXFileReference; includeInIndex = 1; lastKnownFileType = text.xcconfig; name = "Pods-GameDB.debug.xcconfig"; path = "Target Support Files/Pods-GameDB/Pods-GameDB.debug.xcconfig"; sourceTree = "<group>"; };
		A371FC38C288F87F78AB19A6 /* Pods_GameDB.framework */ = {isa = PBXFileReference; explicitFileType = wrapper.framework; includeInIndex = 0; path = Pods_GameDB.framework; sourceTree = BUILT_PRODUCTS_DIR; };
/* End PBXFileReference section */

/* Begin PBXFrameworksBuildPhase section */
		09760A8F23BECBA200C7E467 /* Frameworks */ = {
			isa = PBXFrameworksBuildPhase;
			buildActionMask = 2147483647;
			files = (
				DBF8D3F83AA811239A390FE1 /* Pods_GameDB.framework in Frameworks */,
			);
			runOnlyForDeploymentPostprocessing = 0;
		};
/* End PBXFrameworksBuildPhase section */

/* Begin PBXGroup section */
		09760A8923BECBA200C7E467 = {
			isa = PBXGroup;
			children = (
				09760A9423BECBA200C7E467 /* GameDB */,
				09760A9323BECBA200C7E467 /* Products */,
				826817829C1CA8D9FB8F2F61 /* Pods */,
				20F53852299A7D664DE57451 /* Frameworks */,
			);
			sourceTree = "<group>";
		};
		09760A9323BECBA200C7E467 /* Products */ = {
			isa = PBXGroup;
			children = (
				09760A9223BECBA200C7E467 /* GameDB.app */,
			);
			name = Products;
			sourceTree = "<group>";
		};
		09760A9423BECBA200C7E467 /* GameDB */ = {
			isa = PBXGroup;
			children = (
				09760AC523BEE0DC00C7E467 /* ViewModel */,
				09760AC023BEDFBF00C7E467 /* UI Helper */,
				09760AB023BED15B00C7E467 /* Service */,
				09760AAB23BECE1600C7E467 /* Model */,
				09760AC623BEE0F100C7E467 /* View */,
				09760A9523BECBA200C7E467 /* AppDelegate.swift */,
				09760A9723BECBA200C7E467 /* SceneDelegate.swift */,
				09760A9923BECBA200C7E467 /* ContentView.swift */,
				09760A9B23BECBA500C7E467 /* Assets.xcassets */,
				09760AA023BECBA500C7E467 /* LaunchScreen.storyboard */,
				09760AA323BECBA500C7E467 /* Info.plist */,
				09760A9D23BECBA500C7E467 /* Preview Content */,
			);
			path = GameDB;
			sourceTree = "<group>";
		};
		09760A9D23BECBA500C7E467 /* Preview Content */ = {
			isa = PBXGroup;
			children = (
				09760A9E23BECBA500C7E467 /* Preview Assets.xcassets */,
			);
			path = "Preview Content";
			sourceTree = "<group>";
		};
		09760AAB23BECE1600C7E467 /* Model */ = {
			isa = PBXGroup;
			children = (
				09760AAC23BECE2200C7E467 /* Game.swift */,
				09760AAE23BED05700C7E467 /* Platform.swift */,
			);
			name = Model;
			sourceTree = "<group>";
		};
		09760AB023BED15B00C7E467 /* Service */ = {
			isa = PBXGroup;
			children = (
				09760AB123BED17500C7E467 /* GameService.swift */,
				09760AB323BED1DE00C7E467 /* GameStore.swift */,
			);
			name = Service;
			sourceTree = "<group>";
		};
		09760AC023BEDFBF00C7E467 /* UI Helper */ = {
			isa = PBXGroup;
			children = (
				09760AB723BED76B00C7E467 /* LoadingView.swift */,
				09760AC723BEE18E00C7E467 /* ModalView.swift */,
			);
			name = "UI Helper";
			sourceTree = "<group>";
		};
		09760AC523BEE0DC00C7E467 /* ViewModel */ = {
			isa = PBXGroup;
			children = (
				09760AB523BED38200C7E467 /* GameList.swift */,
				09760AB923BED88D00C7E467 /* ImageLoader.swift */,
				09760AC223BEE03C00C7E467 /* GameDetail.swift */,
			);
			name = ViewModel;
			sourceTree = "<group>";
		};
		09760AC623BEE0F100C7E467 /* View */ = {
			isa = PBXGroup;
			children = (
				09760ABB23BED9D900C7E467 /* GameListRowView.swift */,
				09760AA923BECBC400C7E467 /* GameListView.swift */,
				09760ABD23BEDD5200C7E467 /* GameDetailView.swift */,
				09760AC923BEE42400C7E467 /* GameRootView.swift */,
			);
			name = View;
			sourceTree = "<group>";
		};
		20F53852299A7D664DE57451 /* Frameworks */ = {
			isa = PBXGroup;
			children = (
				A371FC38C288F87F78AB19A6 /* Pods_GameDB.framework */,
			);
			name = Frameworks;
			sourceTree = "<group>";
		};
		826817829C1CA8D9FB8F2F61 /* Pods */ = {
			isa = PBXGroup;
			children = (
				797A3D4996B20E67CE091D78 /* Pods-GameDB.debug.xcconfig */,
				33876A037CBE53961FDAFBB4 /* Pods-GameDB.release.xcconfig */,
			);
			path = Pods;
			sourceTree = "<group>";
		};
/* End PBXGroup section */

/* Begin PBXNativeTarget section */
		09760A9123BECBA200C7E467 /* GameDB */ = {
			isa = PBXNativeTarget;
			buildConfigurationList = 09760AA623BECBA500C7E467 /* Build configuration list for PBXNativeTarget "GameDB" */;
			buildPhases = (
				4CCC147E158FD858CEBD195C /* [CP] Check Pods Manifest.lock */,
				09760A8E23BECBA200C7E467 /* Sources */,
				09760A8F23BECBA200C7E467 /* Frameworks */,
				09760A9023BECBA200C7E467 /* Resources */,
				4EAF3B281153771A85D9D971 /* [CP] Embed Pods Frameworks */,
			);
			buildRules = (
			);
			dependencies = (
			);
			name = GameDB;
			productName = GameDB;
			productReference = 09760A9223BECBA200C7E467 /* GameDB.app */;
			productType = "com.apple.product-type.application";
		};
/* End PBXNativeTarget section */

/* Begin PBXProject section */
		09760A8A23BECBA200C7E467 /* Project object */ = {
			isa = PBXProject;
			attributes = {
				LastSwiftUpdateCheck = 1130;
				LastUpgradeCheck = 1130;
				ORGANIZATIONNAME = Andika;
				TargetAttributes = {
					09760A9123BECBA200C7E467 = {
						CreatedOnToolsVersion = 11.3;
					};
				};
			};
			buildConfigurationList = 09760A8D23BECBA200C7E467 /* Build configuration list for PBXProject "GameDB" */;
			compatibilityVersion = "Xcode 9.3";
			developmentRegion = en;
			hasScannedForEncodings = 0;
			knownRegions = (
				en,
				Base,
			);
			mainGroup = 09760A8923BECBA200C7E467;
			productRefGroup = 09760A9323BECBA200C7E467 /* Products */;
			projectDirPath = "";
			projectRoot = "";
			targets = (
				09760A9123BECBA200C7E467 /* GameDB */,
			);
		};
/* End PBXProject section */

/* Begin PBXResourcesBuildPhase section */
		09760A9023BECBA200C7E467 /* Resources */ = {
			isa = PBXResourcesBuildPhase;
			buildActionMask = 2147483647;
			files = (
				09760AA223BECBA500C7E467 /* LaunchScreen.storyboard in Resources */,
				09760A9F23BECBA500C7E467 /* Preview Assets.xcassets in Resources */,
				09760A9C23BECBA500C7E467 /* Assets.xcassets in Resources */,
			);
			runOnlyForDeploymentPostprocessing = 0;
		};
/* End PBXResourcesBuildPhase section */

/* Begin PBXShellScriptBuildPhase section */
		4CCC147E158FD858CEBD195C /* [CP] Check Pods Manifest.lock */ = {
			isa = PBXShellScriptBuildPhase;
			buildActionMask = 2147483647;
			files = (
			);
			inputFileListPaths = (
			);
			inputPaths = (
				"${PODS_PODFILE_DIR_PATH}/Podfile.lock",
				"${PODS_ROOT}/Manifest.lock",
			);
			name = "[CP] Check Pods Manifest.lock";
			outputFileListPaths = (
			);
			outputPaths = (
				"$(DERIVED_FILE_DIR)/Pods-GameDB-checkManifestLockResult.txt",
			);
			runOnlyForDeploymentPostprocessing = 0;
			shellPath = /bin/sh;
			shellScript = "diff \"${PODS_PODFILE_DIR_PATH}/Podfile.lock\" \"${PODS_ROOT}/Manifest.lock\" > /dev/null\nif [ $? != 0 ] ; then\n    # print error to STDERR\n    echo \"error: The sandbox is not in sync with the Podfile.lock. Run 'pod install' or update your CocoaPods installation.\" >&2\n    exit 1\nfi\n# This output is used by Xcode 'outputs' to avoid re-running this script phase.\necho \"SUCCESS\" > \"${SCRIPT_OUTPUT_FILE_0}\"\n";
			showEnvVarsInLog = 0;
		};
		4EAF3B281153771A85D9D971 /* [CP] Embed Pods Frameworks */ = {
			isa = PBXShellScriptBuildPhase;
			buildActionMask = 2147483647;
			files = (
			);
			inputFileListPaths = (
				"${PODS_ROOT}/Target Support Files/Pods-GameDB/Pods-GameDB-frameworks-${CONFIGURATION}-input-files.xcfilelist",
			);
			name = "[CP] Embed Pods Frameworks";
			outputFileListPaths = (
				"${PODS_ROOT}/Target Support Files/Pods-GameDB/Pods-GameDB-frameworks-${CONFIGURATION}-output-files.xcfilelist",
			);
			runOnlyForDeploymentPostprocessing = 0;
			shellPath = /bin/sh;
			shellScript = "\"${PODS_ROOT}/Target Support Files/Pods-GameDB/Pods-GameDB-frameworks.sh\"\n";
			showEnvVarsInLog = 0;
		};
/* End PBXShellScriptBuildPhase section */

/* Begin PBXSourcesBuildPhase section */
		09760A8E23BECBA200C7E467 /* Sources */ = {
			isa = PBXSourcesBuildPhase;
			buildActionMask = 2147483647;
			files = (
				09760AAF23BED05700C7E467 /* Platform.swift in Sources */,
				09760ABE23BEDD5200C7E467 /* GameDetailView.swift in Sources */,
				09760ABC23BED9D900C7E467 /* GameListRowView.swift in Sources */,
				09760AB423BED1DE00C7E467 /* GameStore.swift in Sources */,
				09760AC323BEE03C00C7E467 /* GameDetail.swift in Sources */,
				09760AB223BED17500C7E467 /* GameService.swift in Sources */,
				09760ACA23BEE42400C7E467 /* GameRootView.swift in Sources */,
				09760AB823BED76B00C7E467 /* LoadingView.swift in Sources */,
				09760A9623BECBA200C7E467 /* AppDelegate.swift in Sources */,
				09760ABA23BED88D00C7E467 /* ImageLoader.swift in Sources */,
				09760AC823BEE18E00C7E467 /* ModalView.swift in Sources */,
				09760AAD23BECE2200C7E467 /* Game.swift in Sources */,
				09760A9823BECBA200C7E467 /* SceneDelegate.swift in Sources */,
				09760AAA23BECBC400C7E467 /* GameListView.swift in Sources */,
				09760AB623BED38200C7E467 /* GameList.swift in Sources */,
				09760A9A23BECBA200C7E467 /* ContentView.swift in Sources */,
			);
			runOnlyForDeploymentPostprocessing = 0;
		};
/* End PBXSourcesBuildPhase section */

/* Begin PBXVariantGroup section */
		09760AA023BECBA500C7E467 /* LaunchScreen.storyboard */ = {
			isa = PBXVariantGroup;
			children = (
				09760AA123BECBA500C7E467 /* Base */,
			);
			name = LaunchScreen.storyboard;
			sourceTree = "<group>";
		};
/* End PBXVariantGroup section */

/* Begin XCBuildConfiguration section */
		09760AA423BECBA500C7E467 /* Debug */ = {
			isa = XCBuildConfiguration;
			buildSettings = {
				ALWAYS_SEARCH_USER_PATHS = NO;
				CLANG_ANALYZER_NONNULL = YES;
				CLANG_ANALYZER_NUMBER_OBJECT_CONVERSION = YES_AGGRESSIVE;
				CLANG_CXX_LANGUAGE_STANDARD = "gnu++14";
				CLANG_CXX_LIBRARY = "libc++";
				CLANG_ENABLE_MODULES = YES;
				CLANG_ENABLE_OBJC_ARC = YES;
				CLANG_ENABLE_OBJC_WEAK = YES;
				CLANG_WARN_BLOCK_CAPTURE_AUTORELEASING = YES;
				CLANG_WARN_BOOL_CONVERSION = YES;
				CLANG_WARN_COMMA = YES;
				CLANG_WARN_CONSTANT_CONVERSION = YES;
				CLANG_WARN_DEPRECATED_OBJC_IMPLEMENTATIONS = YES;
				CLANG_WARN_DIRECT_OBJC_ISA_USAGE = YES_ERROR;
				CLANG_WARN_DOCUMENTATION_COMMENTS = YES;
				CLANG_WARN_EMPTY_BODY = YES;
				CLANG_WARN_ENUM_CONVERSION = YES;
				CLANG_WARN_INFINITE_RECURSION = YES;
				CLANG_WARN_INT_CONVERSION = YES;
				CLANG_WARN_NON_LITERAL_NULL_CONVERSION = YES;
				CLANG_WARN_OBJC_IMPLICIT_RETAIN_SELF = YES;
				CLANG_WARN_OBJC_LITERAL_CONVERSION = YES;
				CLANG_WARN_OBJC_ROOT_CLASS = YES_ERROR;
				CLANG_WARN_RANGE_LOOP_ANALYSIS = YES;
				CLANG_WARN_STRICT_PROTOTYPES = YES;
				CLANG_WARN_SUSPICIOUS_MOVE = YES;
				CLANG_WARN_UNGUARDED_AVAILABILITY = YES_AGGRESSIVE;
				CLANG_WARN_UNREACHABLE_CODE = YES;
				CLANG_WARN__DUPLICATE_METHOD_MATCH = YES;
				COPY_PHASE_STRIP = NO;
				DEBUG_INFORMATION_FORMAT = dwarf;
				ENABLE_STRICT_OBJC_MSGSEND = YES;
				ENABLE_TESTABILITY = YES;
				GCC_C_LANGUAGE_STANDARD = gnu11;
				GCC_DYNAMIC_NO_PIC = NO;
				GCC_NO_COMMON_BLOCKS = YES;
				GCC_OPTIMIZATION_LEVEL = 0;
				GCC_PREPROCESSOR_DEFINITIONS = (
					"DEBUG=1",
					"$(inherited)",
				);
				GCC_WARN_64_TO_32_BIT_CONVERSION = YES;
				GCC_WARN_ABOUT_RETURN_TYPE = YES_ERROR;
				GCC_WARN_UNDECLARED_SELECTOR = YES;
				GCC_WARN_UNINITIALIZED_AUTOS = YES_AGGRESSIVE;
				GCC_WARN_UNUSED_FUNCTION = YES;
				GCC_WARN_UNUSED_VARIABLE = YES;
				IPHONEOS_DEPLOYMENT_TARGET = 13.2;
				MTL_ENABLE_DEBUG_INFO = INCLUDE_SOURCE;
				MTL_FAST_MATH = YES;
				ONLY_ACTIVE_ARCH = YES;
				SDKROOT = iphoneos;
				SWIFT_ACTIVE_COMPILATION_CONDITIONS = DEBUG;
				SWIFT_OPTIMIZATION_LEVEL = "-Onone";
			};
			name = Debug;
		};
		09760AA523BECBA500C7E467 /* Release */ = {
			isa = XCBuildConfiguration;
			buildSettings = {
				ALWAYS_SEARCH_USER_PATHS = NO;
				CLANG_ANALYZER_NONNULL = YES;
				CLANG_ANALYZER_NUMBER_OBJECT_CONVERSION = YES_AGGRESSIVE;
				CLANG_CXX_LANGUAGE_STANDARD = "gnu++14";
				CLANG_CXX_LIBRARY = "libc++";
				CLANG_ENABLE_MODULES = YES;
				CLANG_ENABLE_OBJC_ARC = YES;
				CLANG_ENABLE_OBJC_WEAK = YES;
				CLANG_WARN_BLOCK_CAPTURE_AUTORELEASING = YES;
				CLANG_WARN_BOOL_CONVERSION = YES;
				CLANG_WARN_COMMA = YES;
				CLANG_WARN_CONSTANT_CONVERSION = YES;
				CLANG_WARN_DEPRECATED_OBJC_IMPLEMENTATIONS = YES;
				CLANG_WARN_DIRECT_OBJC_ISA_USAGE = YES_ERROR;
				CLANG_WARN_DOCUMENTATION_COMMENTS = YES;
				CLANG_WARN_EMPTY_BODY = YES;
				CLANG_WARN_ENUM_CONVERSION = YES;
				CLANG_WARN_INFINITE_RECURSION = YES;
				CLANG_WARN_INT_CONVERSION = YES;
				CLANG_WARN_NON_LITERAL_NULL_CONVERSION = YES;
				CLANG_WARN_OBJC_IMPLICIT_RETAIN_SELF = YES;
				CLANG_WARN_OBJC_LITERAL_CONVERSION = YES;
				CLANG_WARN_OBJC_ROOT_CLASS = YES_ERROR;
				CLANG_WARN_RANGE_LOOP_ANALYSIS = YES;
				CLANG_WARN_STRICT_PROTOTYPES = YES;
				CLANG_WARN_SUSPICIOUS_MOVE = YES;
				CLANG_WARN_UNGUARDED_AVAILABILITY = YES_AGGRESSIVE;
				CLANG_WARN_UNREACHABLE_CODE = YES;
				CLANG_WARN__DUPLICATE_METHOD_MATCH = YES;
				COPY_PHASE_STRIP = NO;
				DEBUG_INFORMATION_FORMAT = "dwarf-with-dsym";
				ENABLE_NS_ASSERTIONS = NO;
				ENABLE_STRICT_OBJC_MSGSEND = YES;
				GCC_C_LANGUAGE_STANDARD = gnu11;
				GCC_NO_COMMON_BLOCKS = YES;
				GCC_WARN_64_TO_32_BIT_CONVERSION = YES;
				GCC_WARN_ABOUT_RETURN_TYPE = YES_ERROR;
				GCC_WARN_UNDECLARED_SELECTOR = YES;
				GCC_WARN_UNINITIALIZED_AUTOS = YES_AGGRESSIVE;
				GCC_WARN_UNUSED_FUNCTION = YES;
				GCC_WARN_UNUSED_VARIABLE = YES;
				IPHONEOS_DEPLOYMENT_TARGET = 13.2;
				MTL_ENABLE_DEBUG_INFO = NO;
				MTL_FAST_MATH = YES;
				SDKROOT = iphoneos;
				SWIFT_COMPILATION_MODE = wholemodule;
				SWIFT_OPTIMIZATION_LEVEL = "-O";
				VALIDATE_PRODUCT = YES;
			};
			name = Release;
		};
		09760AA723BECBA500C7E467 /* Debug */ = {
			isa = XCBuildConfiguration;
			baseConfigurationReference = 797A3D4996B20E67CE091D78 /* Pods-GameDB.debug.xcconfig */;
			buildSettings = {
				ASSETCATALOG_COMPILER_APPICON_NAME = AppIcon;
				CODE_SIGN_STYLE = Automatic;
				DEVELOPMENT_ASSET_PATHS = "\"GameDB/Preview Content\"";
				DEVELOPMENT_TEAM = BTAM83YYJR;
				ENABLE_PREVIEWS = YES;
				INFOPLIST_FILE = GameDB/Info.plist;
				IPHONEOS_DEPLOYMENT_TARGET = 13.0;
				LD_RUNPATH_SEARCH_PATHS = (
					"$(inherited)",
					"@executable_path/Frameworks",
				);
				PRODUCT_BUNDLE_IDENTIFIER = space.mrandika.GameDB;
				PRODUCT_NAME = "$(TARGET_NAME)";
				SWIFT_VERSION = 5.0;
				TARGETED_DEVICE_FAMILY = "1,2";
			};
			name = Debug;
		};
		09760AA823BECBA500C7E467 /* Release */ = {
			isa = XCBuildConfiguration;
			baseConfigurationReference = 33876A037CBE53961FDAFBB4 /* Pods-GameDB.release.xcconfig */;
			buildSettings = {
				ASSETCATALOG_COMPILER_APPICON_NAME = AppIcon;
				CODE_SIGN_STYLE = Automatic;
				DEVELOPMENT_ASSET_PATHS = "\"GameDB/Preview Content\"";
				DEVELOPMENT_TEAM = BTAM83YYJR;
				ENABLE_PREVIEWS = YES;
				INFOPLIST_FILE = GameDB/Info.plist;
				IPHONEOS_DEPLOYMENT_TARGET = 13.0;
				LD_RUNPATH_SEARCH_PATHS = (
					"$(inherited)",
					"@executable_path/Frameworks",
				);
				PRODUCT_BUNDLE_IDENTIFIER = space.mrandika.GameDB;
				PRODUCT_NAME = "$(TARGET_NAME)";
				SWIFT_VERSION = 5.0;
				TARGETED_DEVICE_FAMILY = "1,2";
			};
			name = Release;
		};
/* End XCBuildConfiguration section */

/* Begin XCConfigurationList section */
		09760A8D23BECBA200C7E467 /* Build configuration list for PBXProject "GameDB" */ = {
			isa = XCConfigurationList;
			buildConfigurations = (
				09760AA423BECBA500C7E467 /* Debug */,
				09760AA523BECBA500C7E467 /* Release */,
			);
			defaultConfigurationIsVisible = 0;
			defaultConfigurationName = Release;
		};
		09760AA623BECBA500C7E467 /* Build configuration list for PBXNativeTarget "GameDB" */ = {
			isa = XCConfigurationList;
			buildConfigurations = (
				09760AA723BECBA500C7E467 /* Debug */,
				09760AA823BECBA500C7E467 /* Release */,
			);
			defaultConfigurationIsVisible = 0;
			defaultConfigurationName = Release;
		};
/* End XCConfigurationList section */
	};
	rootObject = 09760A8A23BECBA200C7E467 /* Project object */;
}
